
Microsoft Visual Studio Solution File, Format Version 12.00
# Visual Studio 15
Project("{FAE04EC0-301F-11D3-BF4B-00C04F79EFBC}") = "SimuladorJaviXue", "SimuladorJaviXue.csproj", "{3C19300F-DC6C-95AC-9F04-E1E046FF0687}"
EndProject
Project("{FAE04EC0-301F-11D3-BF4B-00C04F79EFBC}") = "SimuladorJaviXue.Plugins", "SimuladorJaviXue.Plugins.csproj", "{7FD6CF62-A864-3B5D-A6A9-782054E32FB7}"
EndProject
Project("{FAE04EC0-301F-11D3-BF4B-00C04F79EFBC}") = "SimuladorJaviXue.Editor", "SimuladorJaviXue.Editor.csproj", "{8D6E4725-B820-FEAA-202D-CD7E9AA79130}"
EndProject
Project("{FAE04EC0-301F-11D3-BF4B-00C04F79EFBC}") = "SimuladorJaviXue.Editor.Plugins", "SimuladorJaviXue.Editor.Plugins.csproj", "{FC73C545-4E31-807A-89CC-40720DD89008}"
EndProject
Global
	GlobalSection(SolutionConfigurationPlatforms) = preSolution
		Debug|Any CPU = Debug|Any CPU
		Release|Any CPU = Release|Any CPU
	EndGlobalSection
	GlobalSection(ProjectConfigurationPlatforms) = postSolution
		{3C19300F-DC6C-95AC-9F04-E1E046FF0687}.Debug|Any CPU.ActiveCfg = Debug|Any CPU
		{3C19300F-DC6C-95AC-9F04-E1E046FF0687}.Debug|Any CPU.Build.0 = Debug|Any CPU
		{3C19300F-DC6C-95AC-9F04-E1E046FF0687}.Release|Any CPU.ActiveCfg = Release|Any CPU
		{3C19300F-DC6C-95AC-9F04-E1E046FF0687}.Release|Any CPU.Build.0 = Release|Any CPU
		{7FD6CF62-A864-3B5D-A6A9-782054E32FB7}.Debug|Any CPU.ActiveCfg = Debug|Any CPU
		{7FD6CF62-A864-3B5D-A6A9-782054E32FB7}.Debug|Any CPU.Build.0 = Debug|Any CPU
		{7FD6CF62-A864-3B5D-A6A9-782054E32FB7}.Release|Any CPU.ActiveCfg = Release|Any CPU
		{7FD6CF62-A864-3B5D-A6A9-782054E32FB7}.Release|Any CPU.Build.0 = Release|Any CPU
		{8D6E4725-B820-FEAA-202D-CD7E9AA79130}.Debug|Any CPU.ActiveCfg = Debug|Any CPU
		{8D6E4725-B820-FEAA-202D-CD7E9AA79130}.Debug|Any CPU.Build.0 = Debug|Any CPU
		{8D6E4725-B820-FEAA-202D-CD7E9AA79130}.Release|Any CPU.ActiveCfg = Release|Any CPU
		{8D6E4725-B820-FEAA-202D-CD7E9AA79130}.Release|Any CPU.Build.0 = Release|Any CPU
		{FC73C545-4E31-807A-89CC-40720DD89008}.Debug|Any CPU.ActiveCfg = Debug|Any CPU
		{FC73C545-4E31-807A-89CC-40720DD89008}.Debug|Any CPU.Build.0 = Debug|Any CPU
		{FC73C545-4E31-807A-89CC-40720DD89008}.Release|Any CPU.ActiveCfg = Release|Any CPU
		{FC73C545-4E31-807A-89CC-40720DD89008}.Release|Any CPU.Build.0 = Release|Any CPU
	EndGlobalSection
	GlobalSection(SolutionProperties) = preSolution
		HideSolutionNode = FALSE
	EndGlobalSection
EndGlobal
